{
  "version": 4,
  "terraform_version": "1.14.5",
  "serial": 92,
  "lineage": "e90b6611-ba4e-8df4-9edb-4cc193447f7c",
  "outputs": {
    "agent_execution_role_arn": {
      "value": "arn:aws:iam::075166536313:role/llm-eval-agent-execution",
      "type": "string"
    },
    "deployer_policy_arn": {
      "value": "arn:aws:iam::075166536313:policy/llm-eval-deployer",
      "type": "string"
    },
    "kms_key_arn": {
      "value": "arn:aws:kms:ca-central-1:075166536313:key/7bc77661-2618-4f86-8ee9-2b80ae5ae231",
      "type": "string"
    },
    "mlflow_app_arn": {
      "value": "pending-mlflow-app-creation",
      "type": "string",
      "sensitive": true
    },
    "mlflow_artifact_bucket": {
      "value": "llm-eval-mlflow-artifacts-075166536313",
      "type": "string"
    },
    "mlflow_execution_role_arn": {
      "value": "arn:aws:iam::075166536313:role/llm-eval-mlflow-execution",
      "type": "string"
    },
    "sagemaker_domain_id": {
      "value": "d-iuih3mwxfsrc",
      "type": "string"
    },
    "ssm_parameter_prefix": {
      "value": "/llm-eval",
      "type": "string"
    }
  },
  "resources": [
    {
      "mode": "data",
      "type": "aws_availability_zones",
      "name": "available",
      "provider": "provider[\"registry.terraform.io/hashicorp/aws\"]",
      "instances": [
        {
          "schema_version": 0,
          "attributes": {
            "all_availability_zones": null,
            "exclude_names": null,
            "exclude_zone_ids": null,
            "filter": null,
            "group_names": [
              "ca-central-1-zg-1"
            ],
            "id": "ca-central-1",
            "names": [
              "ca-central-1a",
              "ca-central-1b",
              "ca-central-1d"
            ],
            "region": "ca-central-1",
            "state": "available",
            "timeouts": null,
            "zone_ids": [
              "cac1-az1",
              "cac1-az2",
              "cac1-az4"
            ]
          },
          "sensitive_attributes": [],
          "identity_schema_version": 0
        }
      ]
    },
    {
      "mode": "data",
      "type": "aws_caller_identity",
      "name": "current",
      "provider": "provider[\"registry.terraform.io/hashicorp/aws\"]",
      "instances": [
        {
          "schema_version": 0,
          "attributes": {
            "account_id": "075166536313",
            "arn": "arn:aws:iam::075166536313:user/anupawsproguser",
            "id": "075166536313",
            "user_id": "AIDARDACGKJ4YYQSA5SRC"
          },
          "sensitive_attributes": [],
          "identity_schema_version": 0
        }
      ]
    },
    {
      "mode": "managed",
      "type": "aws_iam_policy",
      "name": "deployer",
      "provider": "provider[\"registry.terraform.io/hashicorp/aws\"]",
      "instances": [
        {
          "schema_version": 0,
          "attributes": {
            "arn": "arn:aws:iam::075166536313:policy/llm-eval-deployer",
            "attachment_count": 0,
            "delay_after_policy_creation_in_ms": null,
            "description": "Least-privilege policy for deploying llm-eval infrastructure via Terraform",
            "id": "arn:aws:iam::075166536313:policy/llm-eval-deployer",
            "name": "llm-eval-deployer",
            "name_prefix": "",
            "path": "/",
            "policy": "{\"Statement\":[{\"Action\":[\"ec2:CreateVpc\",\"ec2:DeleteVpc\",\"ec2:DescribeVpcs\",\"ec2:ModifyVpcAttribute\",\"ec2:CreateSubnet\",\"ec2:DeleteSubnet\",\"ec2:DescribeSubnets\",\"ec2:DescribeAvailabilityZones\",\"ec2:DescribeNetworkInterfaces\",\"ec2:CreateTags\",\"ec2:DeleteTags\",\"ec2:DescribeTags\"],\"Effect\":\"Allow\",\"Resource\":\"*\",\"Sid\":\"VPCAndNetworking\"},{\"Action\":[\"s3:CreateBucket\",\"s3:DeleteBucket\",\"s3:ListBucket\",\"s3:GetBucketLocation\",\"s3:GetBucketPolicy\",\"s3:PutBucketPolicy\",\"s3:GetBucketTagging\",\"s3:PutBucketTagging\",\"s3:GetEncryptionConfiguration\",\"s3:PutEncryptionConfiguration\",\"s3:GetBucketPublicAccessBlock\",\"s3:PutBucketPublicAccessBlock\",\"s3:GetBucketVersioning\",\"s3:GetBucketAcl\",\"s3:GetAccelerateConfiguration\",\"s3:GetBucketCORS\",\"s3:GetBucketLogging\",\"s3:GetBucketObjectLockConfiguration\",\"s3:GetBucketRequestPayment\",\"s3:GetBucketWebsite\",\"s3:GetLifecycleConfiguration\",\"s3:GetReplicationConfiguration\",\"s3:ListBucketVersions\",\"s3:DeleteObject\",\"s3:DeleteObjectVersion\"],\"Effect\":\"Allow\",\"Resource\":[\"arn:aws:s3:::llm-eval-mlflow-artifacts-*\",\"arn:aws:s3:::llm-eval-mlflow-artifacts-*/*\"],\"Sid\":\"S3BucketManagement\"},{\"Action\":[\"kms:CreateKey\",\"kms:DescribeKey\",\"kms:GetKeyPolicy\",\"kms:GetKeyRotationStatus\",\"kms:ListResourceTags\",\"kms:TagResource\",\"kms:UntagResource\",\"kms:EnableKeyRotation\",\"kms:ScheduleKeyDeletion\",\"kms:CreateAlias\",\"kms:DeleteAlias\",\"kms:ListAliases\",\"kms:PutKeyPolicy\"],\"Effect\":\"Allow\",\"Resource\":\"*\",\"Sid\":\"KMSKeyManagement\"},{\"Action\":[\"iam:CreateRole\",\"iam:DeleteRole\",\"iam:GetRole\",\"iam:ListRolePolicies\",\"iam:ListAttachedRolePolicies\",\"iam:ListInstanceProfilesForRole\",\"iam:PutRolePolicy\",\"iam:DeleteRolePolicy\",\"iam:GetRolePolicy\",\"iam:TagRole\",\"iam:UntagRole\",\"iam:PassRole\",\"iam:CreatePolicy\",\"iam:DeletePolicy\",\"iam:GetPolicy\",\"iam:GetPolicyVersion\",\"iam:ListPolicyVersions\",\"iam:CreatePolicyVersion\",\"iam:DeletePolicyVersion\",\"iam:TagPolicy\",\"iam:UntagPolicy\"],\"Effect\":\"Allow\",\"Resource\":[\"arn:aws:iam::075166536313:role/llm-eval-*\",\"arn:aws:iam::075166536313:policy/llm-eval-*\"],\"Sid\":\"IAMRoleManagement\"},{\"Action\":[\"sagemaker:CreateDomain\",\"sagemaker:DeleteDomain\",\"sagemaker:DescribeDomain\",\"sagemaker:UpdateDomain\",\"sagemaker:ListDomains\",\"sagemaker:CreateUserProfile\",\"sagemaker:DeleteUserProfile\",\"sagemaker:DescribeUserProfile\",\"sagemaker:UpdateUserProfile\",\"sagemaker:CreateMlflowApp\",\"sagemaker:DeleteMlflowApp\",\"sagemaker:DescribeMlflowApp\",\"sagemaker:ListMlflowApps\",\"sagemaker:AddTags\",\"sagemaker:ListTags\",\"sagemaker:DeleteTags\"],\"Effect\":\"Allow\",\"Resource\":[\"arn:aws:sagemaker:ca-central-1:075166536313:domain/*\",\"arn:aws:sagemaker:ca-central-1:075166536313:user-profile/*/*\",\"arn:aws:sagemaker:ca-central-1:075166536313:mlflow-app/*\"],\"Sid\":\"SageMakerDomainAndMLflow\"},{\"Action\":[\"ssm:PutParameter\",\"ssm:GetParameter\",\"ssm:GetParameters\",\"ssm:GetParametersByPath\",\"ssm:DeleteParameter\",\"ssm:AddTagsToResource\",\"ssm:RemoveTagsFromResource\",\"ssm:ListTagsForResource\"],\"Effect\":\"Allow\",\"Resource\":\"arn:aws:ssm:ca-central-1:075166536313:parameter/llm-eval/*\",\"Sid\":\"SSMParameterManagement\"},{\"Action\":[\"elasticfilesystem:DescribeMountTargets\",\"elasticfilesystem:DeleteMountTarget\",\"elasticfilesystem:DeleteFileSystem\",\"elasticfilesystem:DescribeFileSystems\"],\"Effect\":\"Allow\",\"Resource\":\"*\",\"Sid\":\"EFSCleanup\"},{\"Action\":[\"sts:GetCallerIdentity\"],\"Effect\":\"Allow\",\"Resource\":\"*\",\"Sid\":\"STSGetCallerIdentity\"}],\"Version\":\"2012-10-17\"}",
            "policy_id": "ANPARDACGKJ42ERY4IVUT",
            "tags": {
              "Project": "llm-eval"
            },
            "tags_all": {
              "Project": "llm-eval"
            }
          },
          "sensitive_attributes": [],
          "identity_schema_version": 0,
          "identity": {
            "arn": "arn:aws:iam::075166536313:policy/llm-eval-deployer"
          },
          "private": "bnVsbA==",
          "dependencies": [
            "data.aws_caller_identity.current"
          ]
        }
      ]
    },
    {
      "mode": "managed",
      "type": "aws_iam_role",
      "name": "agent_execution",
      "provider": "provider[\"registry.terraform.io/hashicorp/aws\"]",
      "instances": [
        {
          "schema_version": 0,
          "attributes": {
            "arn": "arn:aws:iam::075166536313:role/llm-eval-agent-execution",
            "assume_role_policy": "{\"Statement\":[{\"Action\":\"sts:AssumeRole\",\"Effect\":\"Allow\",\"Principal\":{\"AWS\":\"arn:aws:iam::075166536313:root\"}}],\"Version\":\"2012-10-17\"}",
            "create_date": "2026-04-21T18:48:19Z",
            "description": "",
            "force_detach_policies": false,
            "id": "llm-eval-agent-execution",
            "inline_policy": [],
            "managed_policy_arns": [],
            "max_session_duration": 3600,
            "name": "llm-eval-agent-execution",
            "name_prefix": "",
            "path": "/",
            "permissions_boundary": "",
            "tags": {
              "Project": "llm-eval"
            },
            "tags_all": {
              "Project": "llm-eval"
            },
            "unique_id": "AROARDACGKJ4SZ6ZBK6PL"
          },
          "sensitive_attributes": [],
          "identity_schema_version": 0,
          "identity": {
            "account_id": "075166536313",
            "name": "llm-eval-agent-execution"
          },
          "private": "bnVsbA==",
          "dependencies": [
            "data.aws_caller_identity.current"
          ]
        }
      ]
    },
    {
      "mode": "managed",
      "type": "aws_iam_role",
      "name": "mlflow_execution",
      "provider": "provider[\"registry.terraform.io/hashicorp/aws\"]",
      "instances": [
        {
          "schema_version": 0,
          "attributes": {
            "arn": "arn:aws:iam::075166536313:role/llm-eval-mlflow-execution",
            "assume_role_policy": "{\"Statement\":[{\"Action\":\"sts:AssumeRole\",\"Effect\":\"Allow\",\"Principal\":{\"Service\":\"sagemaker.amazonaws.com\"}}],\"Version\":\"2012-10-17\"}",
            "create_date": "2026-04-21T18:48:19Z",
            "description": "",
            "force_detach_policies": false,
            "id": "llm-eval-mlflow-execution",
            "inline_policy": [],
            "managed_policy_arns": [],
            "max_session_duration": 3600,
            "name": "llm-eval-mlflow-execution",
            "name_prefix": "",
            "path": "/",
            "permissions_boundary": "",
            "tags": {
              "Project": "llm-eval"
            },
            "tags_all": {
              "Project": "llm-eval"
            },
            "unique_id": "AROARDACGKJ46DZ6C2I3S"
          },
          "sensitive_attributes": [],
          "identity_schema_version": 0,
          "identity": {
            "account_id": "075166536313",
            "name": "llm-eval-mlflow-execution"
          },
          "private": "bnVsbA=="
        }
      ]
    },
    {
      "mode": "managed",
      "type": "aws_iam_role_policy",
      "name": "agent_execution",
      "provider": "provider[\"registry.terraform.io/hashicorp/aws\"]",
      "instances": [
        {
          "schema_version": 0,
          "attributes": {
            "id": "llm-eval-agent-execution:agent-execution-policy",
            "name": "agent-execution-policy",
            "name_prefix": "",
            "policy": "{\"Version\":\"2012-10-17\",\"Statement\":[{\"Action\":[\"bedrock:InvokeModel\",\"bedrock:InvokeModelWithResponseStream\"],\"Effect\":\"Allow\",\"Resource\":[\"arn:aws:bedrock:*::foundation-model/*\",\"arn:aws:bedrock:*:075166536313:inference-profile/*\"],\"Sid\":\"BedrockInvoke\"},{\"Action\":[\"ssm:GetParameter\",\"ssm:GetParametersByPath\"],\"Effect\":\"Allow\",\"Resource\":\"arn:aws:ssm:ca-central-1:075166536313:parameter/llm-eval/*\",\"Sid\":\"SSMReadParameters\"},{\"Action\":[\"sagemaker-mlflow:*\",\"sagemaker:*\"],\"Effect\":\"Allow\",\"Resource\":\"arn:aws:sagemaker:ca-central-1:075166536313:mlflow-app/*\",\"Sid\":\"SageMakerMLflowTracking\"},{\"Action\":[\"s3:GetObject\",\"s3:PutObject\",\"s3:ListBucket\",\"s3:GetBucketLocation\"],\"Effect\":\"Allow\",\"Resource\":[\"arn:aws:s3:::llm-eval-mlflow-artifacts-075166536313\",\"arn:aws:s3:::llm-eval-mlflow-artifacts-075166536313/*\"],\"Sid\":\"S3ArtifactAccess\"},{\"Action\":[\"kms:Decrypt\",\"kms:GenerateDataKey\",\"kms:DescribeKey\"],\"Effect\":\"Allow\",\"Resource\":[\"arn:aws:kms:ca-central-1:075166536313:key/7bc77661-2618-4f86-8ee9-2b80ae5ae231\"],\"Sid\":\"KMSDecryptEncrypt\"}]}",
            "role": "llm-eval-agent-execution"
          },
          "sensitive_attributes": [],
          "identity_schema_version": 0,
          "identity": {
            "account_id": "075166536313",
            "name": "agent-execution-policy",
            "role": "llm-eval-agent-execution"
          },
          "private": "bnVsbA==",
          "dependencies": [
            "aws_iam_role.agent_execution",
            "aws_iam_role.mlflow_execution",
            "aws_kms_key.s3",
            "aws_s3_bucket.mlflow_artifacts",
            "data.aws_caller_identity.current"
          ]
        }
      ]
    },
    {
      "mode": "managed",
      "type": "aws_iam_role_policy",
      "name": "mlflow_execution",
      "provider": "provider[\"registry.terraform.io/hashicorp/aws\"]",
      "instances": [
        {
          "schema_version": 0,
          "attributes": {
            "id": "llm-eval-mlflow-execution:mlflow-execution-policy",
            "name": "mlflow-execution-policy",
            "name_prefix": "",
            "policy": "{\"Version\":\"2012-10-17\",\"Statement\":[{\"Action\":[\"s3:GetObject\",\"s3:PutObject\",\"s3:DeleteObject\",\"s3:ListBucket\",\"s3:GetBucketLocation\"],\"Effect\":\"Allow\",\"Resource\":[\"arn:aws:s3:::llm-eval-mlflow-artifacts-075166536313\",\"arn:aws:s3:::llm-eval-mlflow-artifacts-075166536313/*\"],\"Sid\":\"S3ArtifactAccess\"},{\"Action\":[\"kms:Decrypt\",\"kms:GenerateDataKey\",\"kms:DescribeKey\"],\"Effect\":\"Allow\",\"Resource\":[\"arn:aws:kms:ca-central-1:075166536313:key/7bc77661-2618-4f86-8ee9-2b80ae5ae231\"],\"Sid\":\"KMSDecryptEncrypt\"},{\"Action\":[\"logs:CreateLogGroup\",\"logs:CreateLogStream\",\"logs:PutLogEvents\"],\"Effect\":\"Allow\",\"Resource\":\"arn:aws:logs:ca-central-1:075166536313:log-group:/aws/sagemaker/*\",\"Sid\":\"CloudWatchLogs\"},{\"Action\":[\"sagemaker:CreateApp\",\"sagemaker:DeleteApp\",\"sagemaker:DescribeApp\",\"sagemaker:DescribeDomain\",\"sagemaker:DescribeUserProfile\",\"sagemaker:DescribeMlflowApp\",\"sagemaker:ListMlflowApps\",\"sagemaker:ListApps\",\"sagemaker:ListSpaces\",\"sagemaker:ListDomains\",\"sagemaker:ListUserProfiles\",\"sagemaker:ListTags\",\"sagemaker:DescribeSpace\",\"sagemaker:CreatePresignedDomainUrl\",\"sagemaker:CreatePresignedMlflowTrackingServerUrl\",\"sagemaker:CreatePresignedMlflowAppUrl\",\"sagemaker-mlflow:*\"],\"Effect\":\"Allow\",\"Resource\":\"*\",\"Sid\":\"SageMakerStudioAccess\"}]}",
            "role": "llm-eval-mlflow-execution"
          },
          "sensitive_attributes": [],
          "identity_schema_version": 0,
          "identity": {
            "account_id": "075166536313",
            "name": "mlflow-execution-policy",
            "role": "llm-eval-mlflow-execution"
          },
          "private": "bnVsbA==",
          "dependencies": [
            "aws_iam_role.agent_execution",
            "aws_iam_role.mlflow_execution",
            "aws_kms_key.s3",
            "aws_s3_bucket.mlflow_artifacts",
            "data.aws_caller_identity.current"
          ]
        }
      ]
    },
    {
      "mode": "managed",
      "type": "aws_kms_alias",
      "name": "s3",
      "provider": "provider[\"registry.terraform.io/hashicorp/aws\"]",
      "instances": [
        {
          "schema_version": 0,
          "attributes": {
            "arn": "arn:aws:kms:ca-central-1:075166536313:alias/llm-eval-s3",
            "id": "alias/llm-eval-s3",
            "name": "alias/llm-eval-s3",
            "name_prefix": "",
            "region": "ca-central-1",
            "target_key_arn": "arn:aws:kms:ca-central-1:075166536313:key/7bc77661-2618-4f86-8ee9-2b80ae5ae231",
            "target_key_id": "7bc77661-2618-4f86-8ee9-2b80ae5ae231"
          },
          "sensitive_attributes": [],
          "identity_schema_version": 0,
          "identity": {
            "account_id": "075166536313",
            "name": "alias/llm-eval-s3",
            "region": "ca-central-1"
          },
          "private": "bnVsbA==",
          "dependencies": [
            "aws_iam_role.agent_execution",
            "aws_iam_role.mlflow_execution",
            "aws_kms_key.s3",
            "data.aws_caller_identity.current"
          ]
        }
      ]
    },
    {
      "mode": "managed",
      "type": "aws_kms_key",
      "name": "s3",
      "provider": "provider[\"registry.terraform.io/hashicorp/aws\"]",
      "instances": [
        {
          "schema_version": 0,
          "attributes": {
            "arn": "arn:aws:kms:ca-central-1:075166536313:key/7bc77661-2618-4f86-8ee9-2b80ae5ae231",
            "bypass_policy_lockout_safety_check": false,
            "custom_key_store_id": "",
            "customer_master_key_spec": "SYMMETRIC_DEFAULT",
            "deletion_window_in_days": 7,
            "description": "CMK for llm-eval MLflow artifact bucket",
            "enable_key_rotation": true,
            "id": "7bc77661-2618-4f86-8ee9-2b80ae5ae231",
            "is_enabled": true,
            "key_id": "7bc77661-2618-4f86-8ee9-2b80ae5ae231",
            "key_usage": "ENCRYPT_DECRYPT",
            "multi_region": false,
            "policy": "{\"Statement\":[{\"Action\":\"kms:*\",\"Effect\":\"Allow\",\"Principal\":{\"AWS\":\"arn:aws:iam::075166536313:root\"},\"Resource\":\"*\",\"Sid\":\"RootAccountFullAccess\"},{\"Action\":[\"kms:Decrypt\",\"kms:GenerateDataKey\",\"kms:DescribeKey\"],\"Effect\":\"Allow\",\"Principal\":{\"AWS\":[\"arn:aws:iam::075166536313:role/llm-eval-mlflow-execution\",\"arn:aws:iam::075166536313:role/llm-eval-agent-execution\"]},\"Resource\":\"*\",\"Sid\":\"AllowSageMakerMLflowUse\"}],\"Version\":\"2012-10-17\"}",
            "region": "ca-central-1",
            "rotation_period_in_days": 365,
            "tags": {
              "Project": "llm-eval"
            },
            "tags_all": {
              "Project": "llm-eval"
            },
            "timeouts": null,
            "xks_key_id": ""
          },
          "sensitive_attributes": [],
          "identity_schema_version": 0,
          "identity": {
            "account_id": "075166536313",
            "id": "7bc77661-2618-4f86-8ee9-2b80ae5ae231",
            "region": "ca-central-1"
          },
          "private": "eyJlMmJmYjczMC1lY2FhLTExZTYtOGY4OC0zNDM2M2JjN2M0YzAiOnsiY3JlYXRlIjoxMjAwMDAwMDAwMDB9fQ==",
          "dependencies": [
            "aws_iam_role.agent_execution",
            "aws_iam_role.mlflow_execution",
            "data.aws_caller_identity.current"
          ]
        }
      ]
    },
    {
      "mode": "managed",
      "type": "aws_s3_bucket",
      "name": "mlflow_artifacts",
      "provider": "provider[\"registry.terraform.io/hashicorp/aws\"]",
      "instances": [
        {
          "schema_version": 0,
          "attributes": {
            "acceleration_status": "",
            "acl": null,
            "arn": "arn:aws:s3:::llm-eval-mlflow-artifacts-075166536313",
            "bucket": "llm-eval-mlflow-artifacts-075166536313",
            "bucket_domain_name": "llm-eval-mlflow-artifacts-075166536313.s3.amazonaws.com",
            "bucket_namespace": "global",
            "bucket_prefix": "",
            "bucket_region": "ca-central-1",
            "bucket_regional_domain_name": "llm-eval-mlflow-artifacts-075166536313.s3.ca-central-1.amazonaws.com",
            "cors_rule": [],
            "force_destroy": true,
            "grant": [
              {
                "id": "20a3eb54a9f6af5a79e9273510a0c6723566addb19bd75b3d7c637a5dad0a531",
                "permissions": [
                  "FULL_CONTROL"
                ],
                "type": "CanonicalUser",
                "uri": ""
              }
            ],
            "hosted_zone_id": "Z1QDHH18159H29",
            "id": "llm-eval-mlflow-artifacts-075166536313",
            "lifecycle_rule": [],
            "logging": [],
            "object_lock_configuration": [],
            "object_lock_enabled": false,
            "policy": "",
            "region": "ca-central-1",
            "replication_configuration": [],
            "request_payer": "BucketOwner",
            "server_side_encryption_configuration": [
              {
                "rule": [
                  {
                    "apply_server_side_encryption_by_default": [
                      {
                        "kms_master_key_id": "",
                        "sse_algorithm": "AES256"
                      }
                    ],
                    "bucket_key_enabled": false
                  }
                ]
              }
            ],
            "tags": {
              "Project": "llm-eval"
            },
            "tags_all": {
              "Project": "llm-eval"
            },
            "timeouts": null,
            "versioning": [
              {
                "enabled": false,
                "mfa_delete": false
              }
            ],
            "website": [],
            "website_domain": null,
            "website_endpoint": null
          },
          "sensitive_attributes": [],
          "identity_schema_version": 0,
          "identity": {
            "account_id": "075166536313",
            "bucket": "llm-eval-mlflow-artifacts-075166536313",
            "region": "ca-central-1"
          },
          "private": "eyJlMmJmYjczMC1lY2FhLTExZTYtOGY4OC0zNDM2M2JjN2M0YzAiOnsiY3JlYXRlIjoxMjAwMDAwMDAwMDAwLCJkZWxldGUiOjM2MDAwMDAwMDAwMDAsInJlYWQiOjEyMDAwMDAwMDAwMDAsInVwZGF0ZSI6MTIwMDAwMDAwMDAwMH19",
          "dependencies": [
            "data.aws_caller_identity.current"
          ]
        }
      ]
    },
    {
      "mode": "managed",
      "type": "aws_s3_bucket_public_access_block",
      "name": "mlflow_artifacts",
      "provider": "provider[\"registry.terraform.io/hashicorp/aws\"]",
      "instances": [
        {
          "schema_version": 0,
          "attributes": {
            "block_public_acls": true,
            "block_public_policy": true,
            "bucket": "llm-eval-mlflow-artifacts-075166536313",
            "id": "llm-eval-mlflow-artifacts-075166536313",
            "ignore_public_acls": true,
            "region": "ca-central-1",
            "restrict_public_buckets": true,
            "skip_destroy": null
          },
          "sensitive_attributes": [],
          "identity_schema_version": 0,
          "identity": {
            "account_id": "075166536313",
            "bucket": "llm-eval-mlflow-artifacts-075166536313",
            "region": "ca-central-1"
          },
          "private": "bnVsbA==",
          "dependencies": [
            "aws_s3_bucket.mlflow_artifacts",
            "data.aws_caller_identity.current"
          ]
        }
      ]
    },
    {
      "mode": "managed",
      "type": "aws_s3_bucket_server_side_encryption_configuration",
      "name": "mlflow_artifacts",
      "provider": "provider[\"registry.terraform.io/hashicorp/aws\"]",
      "instances": [
        {
          "schema_version": 0,
          "attributes": {
            "bucket": "llm-eval-mlflow-artifacts-075166536313",
            "expected_bucket_owner": "",
            "id": "llm-eval-mlflow-artifacts-075166536313",
            "region": "ca-central-1",
            "rule": [
              {
                "apply_server_side_encryption_by_default": [
                  {
                    "kms_master_key_id": "arn:aws:kms:ca-central-1:075166536313:key/7bc77661-2618-4f86-8ee9-2b80ae5ae231",
                    "sse_algorithm": "aws:kms"
                  }
                ],
                "blocked_encryption_types": [
                  "SSE-C"
                ],
                "bucket_key_enabled": true
              }
            ]
          },
          "sensitive_attributes": [],
          "identity_schema_version": 1,
          "identity": {
            "account_id": "075166536313",
            "bucket": "llm-eval-mlflow-artifacts-075166536313",
            "region": "ca-central-1"
          },
          "private": "bnVsbA==",
          "dependencies": [
            "aws_iam_role.agent_execution",
            "aws_iam_role.mlflow_execution",
            "aws_kms_key.s3",
            "aws_s3_bucket.mlflow_artifacts",
            "data.aws_caller_identity.current"
          ]
        }
      ]
    },
    {
      "mode": "managed",
      "type": "aws_sagemaker_domain",
      "name": "this",
      "provider": "provider[\"registry.terraform.io/hashicorp/aws\"]",
      "instances": [
        {
          "schema_version": 0,
          "attributes": {
            "app_network_access_type": "PublicInternetOnly",
            "app_security_group_management": "",
            "arn": "arn:aws:sagemaker:ca-central-1:075166536313:domain/d-iuih3mwxfsrc",
            "auth_mode": "IAM",
            "default_space_settings": [],
            "default_user_settings": [
              {
                "auto_mount_home_efs": "Enabled",
                "canvas_app_settings": [],
                "code_editor_app_settings": [],
                "custom_file_system_config": [],
                "custom_posix_user_config": [],
                "default_landing_uri": "studio::",
                "execution_role": "arn:aws:iam::075166536313:role/llm-eval-mlflow-execution",
                "jupyter_lab_app_settings": [],
                "jupyter_server_app_settings": [],
                "kernel_gateway_app_settings": [],
                "r_session_app_settings": [],
                "r_studio_server_pro_app_settings": [],
                "security_groups": null,
                "sharing_settings": [],
                "space_storage_settings": [],
                "studio_web_portal": "ENABLED",
                "studio_web_portal_settings": [],
                "tensor_board_app_settings": []
              }
            ],
            "domain_name": "llm-eval",
            "domain_settings": [],
            "home_efs_file_system_id": "fs-0dc7f0e9b0eb11bea",
            "id": "d-iuih3mwxfsrc",
            "kms_key_id": "",
            "region": "ca-central-1",
            "retention_policy": [],
            "security_group_id_for_domain_boundary": "",
            "single_sign_on_application_arn": "",
            "single_sign_on_managed_application_instance_id": "",
            "subnet_ids": [
              "subnet-0a7c909f639e16759"
            ],
            "tag_propagation": "DISABLED",
            "tags": {
              "Project": "llm-eval"
            },
            "tags_all": {
              "Project": "llm-eval"
            },
            "url": "https://d-iuih3mwxfsrc.studio.ca-central-1.sagemaker.aws",
            "vpc_id": "vpc-0552887f394dcfef8"
          },
          "sensitive_attributes": [],
          "identity_schema_version": 0,
          "private": "bnVsbA==",
          "dependencies": [
            "aws_iam_role.mlflow_execution",
            "aws_subnet.private",
            "aws_vpc.this",
            "data.aws_availability_zones.available"
          ]
        }
      ]
    },
    {
      "mode": "managed",
      "type": "aws_sagemaker_user_profile",
      "name": "default",
      "provider": "provider[\"registry.terraform.io/hashicorp/aws\"]",
      "instances": [
        {
          "schema_version": 0,
          "attributes": {
            "arn": "arn:aws:sagemaker:ca-central-1:075166536313:user-profile/d-iuih3mwxfsrc/llm-eval-user",
            "domain_id": "d-iuih3mwxfsrc",
            "home_efs_file_system_uid": "200005",
            "id": "d-iuih3mwxfsrc/llm-eval-user",
            "region": "ca-central-1",
            "single_sign_on_user_identifier": "",
            "single_sign_on_user_value": "",
            "tags": {
              "Project": "llm-eval"
            },
            "tags_all": {
              "Project": "llm-eval"
            },
            "user_profile_name": "llm-eval-user",
            "user_settings": [
              {
                "auto_mount_home_efs": "DefaultAsDomain",
                "canvas_app_settings": [],
                "code_editor_app_settings": [],
                "custom_file_system_config": [],
                "custom_posix_user_config": [],
                "default_landing_uri": "",
                "execution_role": "arn:aws:iam::075166536313:role/llm-eval-mlflow-execution",
                "jupyter_lab_app_settings": [],
                "jupyter_server_app_settings": [],
                "kernel_gateway_app_settings": [],
                "r_session_app_settings": [],
                "r_studio_server_pro_app_settings": [],
                "security_groups": null,
                "sharing_settings": [],
                "space_storage_settings": [],
                "studio_web_portal": "",
                "studio_web_portal_settings": [],
                "tensor_board_app_settings": []
              }
            ]
          },
          "sensitive_attributes": [],
          "identity_schema_version": 0,
          "identity": {
            "account_id": "075166536313",
            "domain_id": "d-iuih3mwxfsrc",
            "region": "ca-central-1",
            "user_profile_name": "llm-eval-user"
          },
          "private": "bnVsbA==",
          "dependencies": [
            "aws_iam_role.mlflow_execution",
            "aws_sagemaker_domain.this",
            "aws_subnet.private",
            "aws_vpc.this",
            "data.aws_availability_zones.available"
          ]
        }
      ]
    },
    {
      "mode": "managed",
      "type": "aws_ssm_parameter",
      "name": "agent_role_arn",
      "provider": "provider[\"registry.terraform.io/hashicorp/aws\"]",
      "instances": [
        {
          "schema_version": 0,
          "attributes": {
            "allowed_pattern": "",
            "arn": "arn:aws:ssm:ca-central-1:075166536313:parameter/llm-eval/security/agent-role-arn",
            "data_type": "text",
            "description": "",
            "has_value_wo": false,
            "id": "/llm-eval/security/agent-role-arn",
            "insecure_value": null,
            "key_id": "",
            "name": "/llm-eval/security/agent-role-arn",
            "overwrite": null,
            "region": "ca-central-1",
            "tags": {
              "Project": "llm-eval"
            },
            "tags_all": {
              "Project": "llm-eval"
            },
            "tier": "Standard",
            "type": "String",
            "value": "arn:aws:iam::075166536313:role/llm-eval-agent-execution",
            "value_wo": null,
            "value_wo_version": null,
            "version": 1
          },
          "sensitive_attributes": [
            [
              {
                "type": "get_attr",
                "value": "value"
              }
            ],
            [
              {
                "type": "get_attr",
                "value": "value_wo"
              }
            ]
          ],
          "identity_schema_version": 0,
          "identity": {
            "account_id": "075166536313",
            "name": "/llm-eval/security/agent-role-arn",
            "region": "ca-central-1"
          },
          "private": "bnVsbA==",
          "dependencies": [
            "aws_iam_role.agent_execution",
            "data.aws_caller_identity.current"
          ]
        }
      ]
    },
    {
      "mode": "managed",
      "type": "aws_ssm_parameter",
      "name": "aws_region",
      "provider": "provider[\"registry.terraform.io/hashicorp/aws\"]",
      "instances": [
        {
          "schema_version": 0,
          "attributes": {
            "allowed_pattern": "",
            "arn": "arn:aws:ssm:ca-central-1:075166536313:parameter/llm-eval/config/aws-region",
            "data_type": "text",
            "description": "",
            "has_value_wo": false,
            "id": "/llm-eval/config/aws-region",
            "insecure_value": null,
            "key_id": "",
            "name": "/llm-eval/config/aws-region",
            "overwrite": null,
            "region": "ca-central-1",
            "tags": {
              "Project": "llm-eval"
            },
            "tags_all": {
              "Project": "llm-eval"
            },
            "tier": "Standard",
            "type": "String",
            "value": "ca-central-1",
            "value_wo": null,
            "value_wo_version": null,
            "version": 1
          },
          "sensitive_attributes": [
            [
              {
                "type": "get_attr",
                "value": "value"
              }
            ],
            [
              {
                "type": "get_attr",
                "value": "value_wo"
              }
            ]
          ],
          "identity_schema_version": 0,
          "identity": {
            "account_id": "075166536313",
            "name": "/llm-eval/config/aws-region",
            "region": "ca-central-1"
          },
          "private": "bnVsbA=="
        }
      ]
    },
    {
      "mode": "managed",
      "type": "aws_ssm_parameter",
      "name": "kms_key_alias",
      "provider": "provider[\"registry.terraform.io/hashicorp/aws\"]",
      "instances": [
        {
          "schema_version": 0,
          "attributes": {
            "allowed_pattern": "",
            "arn": "arn:aws:ssm:ca-central-1:075166536313:parameter/llm-eval/security/kms-key-alias",
            "data_type": "text",
            "description": "",
            "has_value_wo": false,
            "id": "/llm-eval/security/kms-key-alias",
            "insecure_value": null,
            "key_id": "",
            "name": "/llm-eval/security/kms-key-alias",
            "overwrite": null,
            "region": "ca-central-1",
            "tags": {
              "Project": "llm-eval"
            },
            "tags_all": {
              "Project": "llm-eval"
            },
            "tier": "Standard",
            "type": "String",
            "value": "alias/llm-eval-s3",
            "value_wo": null,
            "value_wo_version": null,
            "version": 1
          },
          "sensitive_attributes": [
            [
              {
                "type": "get_attr",
                "value": "value"
              }
            ],
            [
              {
                "type": "get_attr",
                "value": "value_wo"
              }
            ]
          ],
          "identity_schema_version": 0,
          "identity": {
            "account_id": "075166536313",
            "name": "/llm-eval/security/kms-key-alias",
            "region": "ca-central-1"
          },
          "private": "bnVsbA==",
          "dependencies": [
            "aws_iam_role.agent_execution",
            "aws_iam_role.mlflow_execution",
            "aws_kms_alias.s3",
            "aws_kms_key.s3",
            "data.aws_caller_identity.current"
          ]
        }
      ]
    },
    {
      "mode": "managed",
      "type": "aws_ssm_parameter",
      "name": "kms_key_arn",
      "provider": "provider[\"registry.terraform.io/hashicorp/aws\"]",
      "instances": [
        {
          "schema_version": 0,
          "attributes": {
            "allowed_pattern": "",
            "arn": "arn:aws:ssm:ca-central-1:075166536313:parameter/llm-eval/security/kms-key-arn",
            "data_type": "text",
            "description": "",
            "has_value_wo": false,
            "id": "/llm-eval/security/kms-key-arn",
            "insecure_value": null,
            "key_id": "",
            "name": "/llm-eval/security/kms-key-arn",
            "overwrite": null,
            "region": "ca-central-1",
            "tags": {
              "Project": "llm-eval"
            },
            "tags_all": {
              "Project": "llm-eval"
            },
            "tier": "Standard",
            "type": "String",
            "value": "arn:aws:kms:ca-central-1:075166536313:key/7bc77661-2618-4f86-8ee9-2b80ae5ae231",
            "value_wo": null,
            "value_wo_version": null,
            "version": 1
          },
          "sensitive_attributes": [
            [
              {
                "type": "get_attr",
                "value": "value"
              }
            ],
            [
              {
                "type": "get_attr",
                "value": "value_wo"
              }
            ]
          ],
          "identity_schema_version": 0,
          "identity": {
            "account_id": "075166536313",
            "name": "/llm-eval/security/kms-key-arn",
            "region": "ca-central-1"
          },
          "private": "bnVsbA==",
          "dependencies": [
            "aws_iam_role.agent_execution",
            "aws_iam_role.mlflow_execution",
            "aws_kms_key.s3",
            "data.aws_caller_identity.current"
          ]
        }
      ]
    },
    {
      "mode": "managed",
      "type": "aws_ssm_parameter",
      "name": "mlflow_app_arn",
      "provider": "provider[\"registry.terraform.io/hashicorp/aws\"]",
      "instances": [
        {
          "schema_version": 0,
          "attributes": {
            "allowed_pattern": "",
            "arn": "arn:aws:ssm:ca-central-1:075166536313:parameter/llm-eval/mlflow/app-arn",
            "data_type": "text",
            "description": "",
            "has_value_wo": false,
            "id": "/llm-eval/mlflow/app-arn",
            "insecure_value": null,
            "key_id": "",
            "name": "/llm-eval/mlflow/app-arn",
            "overwrite": null,
            "region": "ca-central-1",
            "tags": {
              "Project": "llm-eval"
            },
            "tags_all": {
              "Project": "llm-eval"
            },
            "tier": "Standard",
            "type": "String",
            "value": "pending-mlflow-app-creation",
            "value_wo": null,
            "value_wo_version": null,
            "version": 1
          },
          "sensitive_attributes": [
            [
              {
                "type": "get_attr",
                "value": "value"
              }
            ],
            [
              {
                "type": "get_attr",
                "value": "value_wo"
              }
            ]
          ],
          "identity_schema_version": 0,
          "identity": {
            "account_id": "075166536313",
            "name": "/llm-eval/mlflow/app-arn",
            "region": "ca-central-1"
          },
          "private": "bnVsbA=="
        }
      ]
    },
    {
      "mode": "managed",
      "type": "aws_ssm_parameter",
      "name": "mlflow_app_name",
      "provider": "provider[\"registry.terraform.io/hashicorp/aws\"]",
      "instances": [
        {
          "schema_version": 0,
          "attributes": {
            "allowed_pattern": "",
            "arn": "arn:aws:ssm:ca-central-1:075166536313:parameter/llm-eval/mlflow/app-name",
            "data_type": "text",
            "description": "",
            "has_value_wo": false,
            "id": "/llm-eval/mlflow/app-name",
            "insecure_value": null,
            "key_id": "",
            "name": "/llm-eval/mlflow/app-name",
            "overwrite": null,
            "region": "ca-central-1",
            "tags": {
              "Project": "llm-eval"
            },
            "tags_all": {
              "Project": "llm-eval"
            },
            "tier": "Standard",
            "type": "String",
            "value": "llm-eval-mlflow",
            "value_wo": null,
            "value_wo_version": null,
            "version": 1
          },
          "sensitive_attributes": [
            [
              {
                "type": "get_attr",
                "value": "value"
              }
            ],
            [
              {
                "type": "get_attr",
                "value": "value_wo"
              }
            ]
          ],
          "identity_schema_version": 0,
          "identity": {
            "account_id": "075166536313",
            "name": "/llm-eval/mlflow/app-name",
            "region": "ca-central-1"
          },
          "private": "bnVsbA=="
        }
      ]
    },
    {
      "mode": "managed",
      "type": "aws_ssm_parameter",
      "name": "mlflow_artifact_bucket",
      "provider": "provider[\"registry.terraform.io/hashicorp/aws\"]",
      "instances": [
        {
          "schema_version": 0,
          "attributes": {
            "allowed_pattern": "",
            "arn": "arn:aws:ssm:ca-central-1:075166536313:parameter/llm-eval/mlflow/artifact-bucket",
            "data_type": "text",
            "description": "",
            "has_value_wo": false,
            "id": "/llm-eval/mlflow/artifact-bucket",
            "insecure_value": null,
            "key_id": "",
            "name": "/llm-eval/mlflow/artifact-bucket",
            "overwrite": null,
            "region": "ca-central-1",
            "tags": {
              "Project": "llm-eval"
            },
            "tags_all": {
              "Project": "llm-eval"
            },
            "tier": "Standard",
            "type": "String",
            "value": "llm-eval-mlflow-artifacts-075166536313",
            "value_wo": null,
            "value_wo_version": null,
            "version": 1
          },
          "sensitive_attributes": [
            [
              {
                "type": "get_attr",
                "value": "value"
              }
            ],
            [
              {
                "type": "get_attr",
                "value": "value_wo"
              }
            ]
          ],
          "identity_schema_version": 0,
          "identity": {
            "account_id": "075166536313",
            "name": "/llm-eval/mlflow/artifact-bucket",
            "region": "ca-central-1"
          },
          "private": "bnVsbA==",
          "dependencies": [
            "aws_s3_bucket.mlflow_artifacts",
            "data.aws_caller_identity.current"
          ]
        }
      ]
    },
    {
      "mode": "managed",
      "type": "aws_ssm_parameter",
      "name": "sagemaker_domain_id",
      "provider": "provider[\"registry.terraform.io/hashicorp/aws\"]",
      "instances": [
        {
          "schema_version": 0,
          "attributes": {
            "allowed_pattern": "",
            "arn": "arn:aws:ssm:ca-central-1:075166536313:parameter/llm-eval/sagemaker/domain-id",
            "data_type": "text",
            "description": "",
            "has_value_wo": false,
            "id": "/llm-eval/sagemaker/domain-id",
            "insecure_value": null,
            "key_id": "",
            "name": "/llm-eval/sagemaker/domain-id",
            "overwrite": null,
            "region": "ca-central-1",
            "tags": {
              "Project": "llm-eval"
            },
            "tags_all": {
              "Project": "llm-eval"
            },
            "tier": "Standard",
            "type": "String",
            "value": "d-iuih3mwxfsrc",
            "value_wo": null,
            "value_wo_version": null,
            "version": 1
          },
          "sensitive_attributes": [
            [
              {
                "type": "get_attr",
                "value": "value"
              }
            ],
            [
              {
                "type": "get_attr",
                "value": "value_wo"
              }
            ]
          ],
          "identity_schema_version": 0,
          "identity": {
            "account_id": "075166536313",
            "name": "/llm-eval/sagemaker/domain-id",
            "region": "ca-central-1"
          },
          "private": "bnVsbA==",
          "dependencies": [
            "aws_iam_role.mlflow_execution",
            "aws_sagemaker_domain.this",
            "aws_subnet.private",
            "aws_vpc.this",
            "data.aws_availability_zones.available"
          ]
        }
      ]
    },
    {
      "mode": "managed",
      "type": "aws_subnet",
      "name": "private",
      "provider": "provider[\"registry.terraform.io/hashicorp/aws\"]",
      "instances": [
        {
          "schema_version": 1,
          "attributes": {
            "arn": "arn:aws:ec2:ca-central-1:075166536313:subnet/subnet-0a7c909f639e16759",
            "assign_ipv6_address_on_creation": false,
            "availability_zone": "ca-central-1a",
            "availability_zone_id": "cac1-az1",
            "cidr_block": "10.0.1.0/24",
            "customer_owned_ipv4_pool": "",
            "enable_dns64": false,
            "enable_lni_at_device_index": 0,
            "enable_resource_name_dns_a_record_on_launch": false,
            "enable_resource_name_dns_aaaa_record_on_launch": false,
            "id": "subnet-0a7c909f639e16759",
            "ipv4_ipam_pool_id": null,
            "ipv4_netmask_length": null,
            "ipv6_cidr_block": "",
            "ipv6_cidr_block_association_id": "",
            "ipv6_ipam_pool_id": null,
            "ipv6_native": false,
            "ipv6_netmask_length": null,
            "map_customer_owned_ip_on_launch": false,
            "map_public_ip_on_launch": false,
            "outpost_arn": "",
            "owner_id": "075166536313",
            "private_dns_hostname_type_on_launch": "ip-name",
            "region": "ca-central-1",
            "tags": {
              "Name": "llm-eval-subnet",
              "Project": "llm-eval"
            },
            "tags_all": {
              "Name": "llm-eval-subnet",
              "Project": "llm-eval"
            },
            "timeouts": null,
            "vpc_id": "vpc-0552887f394dcfef8"
          },
          "sensitive_attributes": [],
          "identity_schema_version": 0,
          "identity": {
            "account_id": "075166536313",
            "id": "subnet-0a7c909f639e16759",
            "region": "ca-central-1"
          },
          "private": "eyJlMmJmYjczMC1lY2FhLTExZTYtOGY4OC0zNDM2M2JjN2M0YzAiOnsiY3JlYXRlIjo2MDAwMDAwMDAwMDAsImRlbGV0ZSI6MTIwMDAwMDAwMDAwMH0sInNjaGVtYV92ZXJzaW9uIjoiMSJ9",
          "dependencies": [
            "aws_vpc.this",
            "data.aws_availability_zones.available"
          ]
        }
      ]
    },
    {
      "mode": "managed",
      "type": "aws_vpc",
      "name": "this",
      "provider": "provider[\"registry.terraform.io/hashicorp/aws\"]",
      "instances": [
        {
          "schema_version": 1,
          "attributes": {
            "arn": "arn:aws:ec2:ca-central-1:075166536313:vpc/vpc-0552887f394dcfef8",
            "assign_generated_ipv6_cidr_block": false,
            "cidr_block": "10.0.0.0/16",
            "default_network_acl_id": "acl-09e5c4c5ccd3aab58",
            "default_route_table_id": "rtb-0f0c20514d3afacc8",
            "default_security_group_id": "sg-0598cde45caaafb58",
            "dhcp_options_id": "dopt-089a416d43f2df410",
            "enable_dns_hostnames": true,
            "enable_dns_support": true,
            "enable_network_address_usage_metrics": false,
            "id": "vpc-0552887f394dcfef8",
            "instance_tenancy": "default",
            "ipv4_ipam_pool_id": null,
            "ipv4_netmask_length": null,
            "ipv6_association_id": "",
            "ipv6_cidr_block": "",
            "ipv6_cidr_block_network_border_group": "",
            "ipv6_ipam_pool_id": "",
            "ipv6_netmask_length": 0,
            "main_route_table_id": "rtb-0f0c20514d3afacc8",
            "owner_id": "075166536313",
            "region": "ca-central-1",
            "tags": {
              "Name": "llm-eval-vpc",
              "Project": "llm-eval"
            },
            "tags_all": {
              "Name": "llm-eval-vpc",
              "Project": "llm-eval"
            }
          },
          "sensitive_attributes": [],
          "identity_schema_version": 0,
          "identity": {
            "account_id": "075166536313",
            "id": "vpc-0552887f394dcfef8",
            "region": "ca-central-1"
          },
          "private": "eyJzY2hlbWFfdmVyc2lvbiI6IjEifQ=="
        }
      ]
    },
    {
      "mode": "managed",
      "type": "terraform_data",
      "name": "mlflow_app",
      "provider": "provider[\"terraform.io/builtin/terraform\"]",
      "instances": [
        {
          "schema_version": 0,
          "attributes": {
            "id": "c664b43c-fa56-d625-5d6d-387eeeb9cce4",
            "input": {
              "value": "llm-eval-mlflow",
              "type": "string"
            },
            "output": {
              "value": "llm-eval-mlflow",
              "type": "string"
            },
            "triggers_replace": null
          },
          "sensitive_attributes": [],
          "identity_schema_version": 0,
          "dependencies": [
            "aws_iam_role.agent_execution",
            "aws_iam_role.mlflow_execution",
            "aws_iam_role_policy.mlflow_execution",
            "aws_kms_key.s3",
            "aws_s3_bucket.mlflow_artifacts",
            "aws_sagemaker_domain.this",
            "aws_subnet.private",
            "aws_vpc.this",
            "data.aws_availability_zones.available",
            "data.aws_caller_identity.current"
          ]
        }
      ]
    }
  ],
  "check_results": null
}
